{
  "name": "client-prototype-ui",
  "version": "1.0.0",
  "lockfileVersion": 3,
  "requires": true,
  "packages": {
    "": {
      "name": "client-prototype-ui",
      "version": "1.0.0",
      "license": "ISC",
      "dependencies": {
        "dom-lib": "file:dom-lib-1.0.0.tgz"
      }
    },
    "node_modules/dom-lib": {
      "version": "1.0.0",
      "resolved": "file:dom-lib-1.0.0.tgz",
      "integrity": "sha512-RsBUapzIkXijYtFm3ESeCOQRkWHyoEZcovd+tiOFrY75rM3ecyYwKUif+iRNI1j2jj2RsMSvX3HyIXWn8Nj11A==",
      "license": "ISC"
    }
  }
}
